
Microsoft Visual Studio Solution File, Format Version 12.00
# Visual Studio 15
VisualStudioVersion = 15.0.27130.2026
MinimumVisualStudioVersion = 10.0.40219.1
Project("{FAE04EC0-301F-11D3-BF4B-00C04F79EFBC}") = "registration", "registration\registration.csproj", "{6BB2B73C-A5A8-452F-83A9-E1E665F58317}"
EndProject
Global
	GlobalSection(SolutionConfigurationPlatforms) = preSolution
		Debug|Any CPU = Debug|Any CPU
		Release|Any CPU = Release|Any CPU
	EndGlobalSection
	GlobalSection(ProjectConfigurationPlatforms) = postSolution
		{6BB2B73C-A5A8-452F-83A9-E1E665F58317}.Debug|Any CPU.ActiveCfg = Debug|Any CPU
		{6BB2B73C-A5A8-452F-83A9-E1E665F58317}.Debug|Any CPU.Build.0 = Debug|Any CPU
		{6BB2B73C-A5A8-452F-83A9-E1E665F58317}.Release|Any CPU.ActiveCfg = Release|Any CPU
		{6BB2B73C-A5A8-452F-83A9-E1E665F58317}.Release|Any CPU.Build.0 = Release|Any CPU
	EndGlobalSection
	GlobalSection(SolutionProperties) = preSolution
		HideSolutionNode = FALSE
	EndGlobalSection
	GlobalSection(ExtensibilityGlobals) = postSolution
		SolutionGuid = {90593F9F-F2DA-4F05-939A-F091D649FD93}
	EndGlobalSection
EndGlobal
